
Microsoft Visual Studio Solution File, Format Version 12.00
# Visual Studio 15
VisualStudioVersion = 15.0.26228.0
MinimumVisualStudioVersion = 10.0.40219.1
Project("{D954291E-2A0B-460D-934E-DC6B0785DB48}") = "Microsoft.CodeAnalysis.Metadata", "src\Microsoft.CodeAnalysis.Metadata\Microsoft.CodeAnalysis.Metadata.shproj", "{D73ADF7D-2C1C-42AE-B2AB-EDC9497E4B71}"
EndProject
Project("{D954291E-2A0B-460D-934E-DC6B0785DB48}") = "Microsoft.CodeAnalysis.PooledObjects", "src\Microsoft.CodeAnalysis.PooledObjects\Microsoft.CodeAnalysis.PooledObjects.shproj", "{C1930979-C824-496B-A630-70F5369A636F}"
EndProject
Project("{9A19103F-16F7-4668-BE54-9A1E7A4F7556}") = "Microsoft.DiaSymReader.Converter", "src\Microsoft.DiaSymReader.Converter\Microsoft.DiaSymReader.Converter.csproj", "{B273B28E-6BEA-4CD5-B742-2F17F47709F4}"
EndProject
Project("{9A19103F-16F7-4668-BE54-9A1E7A4F7556}") = "Microsoft.DiaSymReader.Converter.UnitTests", "src\Microsoft.DiaSymReader.Converter.Tests\Microsoft.DiaSymReader.Converter.UnitTests.csproj", "{C9351AB0-F4BE-4F87-B901-B7F9C6E95BD6}"
EndProject
Project("{9A19103F-16F7-4668-BE54-9A1E7A4F7556}") = "Pdb2Pdb", "src\Pdb2Pdb\Pdb2Pdb.csproj", "{C1B1A53E-D7E8-42AE-9C6B-AFE9B2A4F4FD}"
EndProject
Project("{9A19103F-16F7-4668-BE54-9A1E7A4F7556}") = "Microsoft.DiaSymReader.Converter.Xml", "src\Microsoft.DiaSymReader.Converter.Xml\Microsoft.DiaSymReader.Converter.Xml.csproj", "{26CC3A1A-DA0E-4D7E-A5E9-8A15073AAF5C}"
EndProject
Project("{9A19103F-16F7-4668-BE54-9A1E7A4F7556}") = "Pdb2Xml", "src\Pdb2Xml\Pdb2Xml.csproj", "{EA335AB3-B3E0-4A47-AF71-DA0707FCC34A}"
EndProject
Global
	GlobalSection(SharedMSBuildProjectFiles) = preSolution
		src\Microsoft.CodeAnalysis.PooledObjects\Microsoft.CodeAnalysis.PooledObjects.projitems*{c1930979-c824-496b-a630-70f5369a636f}*SharedItemsImports = 13
		src\Microsoft.CodeAnalysis.Metadata\Microsoft.CodeAnalysis.Metadata.projitems*{d73adf7d-2c1c-42ae-b2ab-edc9497e4b71}*SharedItemsImports = 13
	EndGlobalSection
	GlobalSection(SolutionConfigurationPlatforms) = preSolution
		Debug|Any CPU = Debug|Any CPU
		Debug|x64 = Debug|x64
		Debug|x86 = Debug|x86
		Release|Any CPU = Release|Any CPU
		Release|x64 = Release|x64
		Release|x86 = Release|x86
	EndGlobalSection
	GlobalSection(ProjectConfigurationPlatforms) = postSolution
		{B273B28E-6BEA-4CD5-B742-2F17F47709F4}.Debug|Any CPU.ActiveCfg = Debug|Any CPU
		{B273B28E-6BEA-4CD5-B742-2F17F47709F4}.Debug|Any CPU.Build.0 = Debug|Any CPU
		{B273B28E-6BEA-4CD5-B742-2F17F47709F4}.Debug|x64.ActiveCfg = Debug|Any CPU
		{B273B28E-6BEA-4CD5-B742-2F17F47709F4}.Debug|x64.Build.0 = Debug|Any CPU
		{B273B28E-6BEA-4CD5-B742-2F17F47709F4}.Debug|x86.ActiveCfg = Debug|Any CPU
		{B273B28E-6BEA-4CD5-B742-2F17F47709F4}.Debug|x86.Build.0 = Debug|Any CPU
		{B273B28E-6BEA-4CD5-B742-2F17F47709F4}.Release|Any CPU.ActiveCfg = Release|Any CPU
		{B273B28E-6BEA-4CD5-B742-2F17F47709F4}.Release|Any CPU.Build.0 = Release|Any CPU
		{B273B28E-6BEA-4CD5-B742-2F17F47709F4}.Release|x64.ActiveCfg = Release|Any CPU
		{B273B28E-6BEA-4CD5-B742-2F17F47709F4}.Release|x64.Build.0 = Release|Any CPU
		{B273B28E-6BEA-4CD5-B742-2F17F47709F4}.Release|x86.ActiveCfg = Release|Any CPU
		{B273B28E-6BEA-4CD5-B742-2F17F47709F4}.Release|x86.Build.0 = Release|Any CPU
		{C9351AB0-F4BE-4F87-B901-B7F9C6E95BD6}.Debug|Any CPU.ActiveCfg = Debug|Any CPU
		{C9351AB0-F4BE-4F87-B901-B7F9C6E95BD6}.Debug|Any CPU.Build.0 = Debug|Any CPU
		{C9351AB0-F4BE-4F87-B901-B7F9C6E95BD6}.Debug|x64.ActiveCfg = Debug|Any CPU
		{C9351AB0-F4BE-4F87-B901-B7F9C6E95BD6}.Debug|x64.Build.0 = Debug|Any CPU
		{C9351AB0-F4BE-4F87-B901-B7F9C6E95BD6}.Debug|x86.ActiveCfg = Debug|Any CPU
		{C9351AB0-F4BE-4F87-B901-B7F9C6E95BD6}.Debug|x86.Build.0 = Debug|Any CPU
		{C9351AB0-F4BE-4F87-B901-B7F9C6E95BD6}.Release|Any CPU.ActiveCfg = Release|Any CPU
		{C9351AB0-F4BE-4F87-B901-B7F9C6E95BD6}.Release|Any CPU.Build.0 = Release|Any CPU
		{C9351AB0-F4BE-4F87-B901-B7F9C6E95BD6}.Release|x64.ActiveCfg = Release|Any CPU
		{C9351AB0-F4BE-4F87-B901-B7F9C6E95BD6}.Release|x64.Build.0 = Release|Any CPU
		{C9351AB0-F4BE-4F87-B901-B7F9C6E95BD6}.Release|x86.ActiveCfg = Release|Any CPU
		{C9351AB0-F4BE-4F87-B901-B7F9C6E95BD6}.Release|x86.Build.0 = Release|Any CPU
		{C1B1A53E-D7E8-42AE-9C6B-AFE9B2A4F4FD}.Debug|Any CPU.ActiveCfg = Debug|Any CPU
		{C1B1A53E-D7E8-42AE-9C6B-AFE9B2A4F4FD}.Debug|Any CPU.Build.0 = Debug|Any CPU
		{C1B1A53E-D7E8-42AE-9C6B-AFE9B2A4F4FD}.Debug|x64.ActiveCfg = Debug|Any CPU
		{C1B1A53E-D7E8-42AE-9C6B-AFE9B2A4F4FD}.Debug|x64.Build.0 = Debug|Any CPU
		{C1B1A53E-D7E8-42AE-9C6B-AFE9B2A4F4FD}.Debug|x86.ActiveCfg = Debug|Any CPU
		{C1B1A53E-D7E8-42AE-9C6B-AFE9B2A4F4FD}.Debug|x86.Build.0 = Debug|Any CPU
		{C1B1A53E-D7E8-42AE-9C6B-AFE9B2A4F4FD}.Release|Any CPU.ActiveCfg = Release|Any CPU
		{C1B1A53E-D7E8-42AE-9C6B-AFE9B2A4F4FD}.Release|Any CPU.Build.0 = Release|Any CPU
		{C1B1A53E-D7E8-42AE-9C6B-AFE9B2A4F4FD}.Release|x64.ActiveCfg = Release|Any CPU
		{C1B1A53E-D7E8-42AE-9C6B-AFE9B2A4F4FD}.Release|x64.Build.0 = Release|Any CPU
		{C1B1A53E-D7E8-42AE-9C6B-AFE9B2A4F4FD}.Release|x86.ActiveCfg = Release|Any CPU
		{C1B1A53E-D7E8-42AE-9C6B-AFE9B2A4F4FD}.Release|x86.Build.0 = Release|Any CPU
		{26CC3A1A-DA0E-4D7E-A5E9-8A15073AAF5C}.Debug|Any CPU.ActiveCfg = Debug|Any CPU
		{26CC3A1A-DA0E-4D7E-A5E9-8A15073AAF5C}.Debug|Any CPU.Build.0 = Debug|Any CPU
		{26CC3A1A-DA0E-4D7E-A5E9-8A15073AAF5C}.Debug|x64.ActiveCfg = Debug|Any CPU
		{26CC3A1A-DA0E-4D7E-A5E9-8A15073AAF5C}.Debug|x64.Build.0 = Debug|Any CPU
		{26CC3A1A-DA0E-4D7E-A5E9-8A15073AAF5C}.Debug|x86.ActiveCfg = Debug|Any CPU
		{26CC3A1A-DA0E-4D7E-A5E9-8A15073AAF5C}.Debug|x86.Build.0 = Debug|Any CPU
		{26CC3A1A-DA0E-4D7E-A5E9-8A15073AAF5C}.Release|Any CPU.ActiveCfg = Release|Any CPU
		{26CC3A1A-DA0E-4D7E-A5E9-8A15073AAF5C}.Release|Any CPU.Build.0 = Release|Any CPU
		{26CC3A1A-DA0E-4D7E-A5E9-8A15073AAF5C}.Release|x64.ActiveCfg = Release|Any CPU
		{26CC3A1A-DA0E-4D7E-A5E9-8A15073AAF5C}.Release|x64.Build.0 = Release|Any CPU
		{26CC3A1A-DA0E-4D7E-A5E9-8A15073AAF5C}.Release|x86.ActiveCfg = Release|Any CPU
		{26CC3A1A-DA0E-4D7E-A5E9-8A15073AAF5C}.Release|x86.Build.0 = Release|Any CPU
		{EA335AB3-B3E0-4A47-AF71-DA0707FCC34A}.Debug|Any CPU.ActiveCfg = Debug|Any CPU
		{EA335AB3-B3E0-4A47-AF71-DA0707FCC34A}.Debug|Any CPU.Build.0 = Debug|Any CPU
		{EA335AB3-B3E0-4A47-AF71-DA0707FCC34A}.Debug|x64.ActiveCfg = Debug|Any CPU
		{EA335AB3-B3E0-4A47-AF71-DA0707FCC34A}.Debug|x64.Build.0 = Debug|Any CPU
		{EA335AB3-B3E0-4A47-AF71-DA0707FCC34A}.Debug|x86.ActiveCfg = Debug|Any CPU
		{EA335AB3-B3E0-4A47-AF71-DA0707FCC34A}.Debug|x86.Build.0 = Debug|Any CPU
		{EA335AB3-B3E0-4A47-AF71-DA0707FCC34A}.Release|Any CPU.ActiveCfg = Release|Any CPU
		{EA335AB3-B3E0-4A47-AF71-DA0707FCC34A}.Release|Any CPU.Build.0 = Release|Any CPU
		{EA335AB3-B3E0-4A47-AF71-DA0707FCC34A}.Release|x64.ActiveCfg = Release|Any CPU
		{EA335AB3-B3E0-4A47-AF71-DA0707FCC34A}.Release|x64.Build.0 = Release|Any CPU
		{EA335AB3-B3E0-4A47-AF71-DA0707FCC34A}.Release|x86.ActiveCfg = Release|Any CPU
		{EA335AB3-B3E0-4A47-AF71-DA0707FCC34A}.Release|x86.Build.0 = Release|Any CPU
	EndGlobalSection
	GlobalSection(SolutionProperties) = preSolution
		HideSolutionNode = FALSE
	EndGlobalSection
EndGlobal
